
Microsoft Visual Studio Solution File, Format Version 12.00
# Visual Studio 2012
Project("{2150E333-8FDC-42A3-9474-1A3956D46DE8}") = "src", "src", "{636892BB-1E65-4E6B-9A70-424918584DDF}"
EndProject
Project("{F2A71F9B-5D33-465A-A702-920D77279786}") = "app", "src\app\app.fsproj", "{F1CC8772-95FE-4B75-B863-157531789EE1}"
EndProject
Project("{F2A71F9B-5D33-465A-A702-920D77279786}") = "test", "src\test\test.fsproj", "{10C56914-6B78-4587-8BE2-1CE1A25E0AF9}"
EndProject
Global
	GlobalSection(SolutionConfigurationPlatforms) = preSolution
		Debug|Any CPU = Debug|Any CPU
		Release|Any CPU = Release|Any CPU
	EndGlobalSection
	GlobalSection(ProjectConfigurationPlatforms) = postSolution
		{F1CC8772-95FE-4B75-B863-157531789EE1}.Debug|Any CPU.ActiveCfg = Debug|Any CPU
		{F1CC8772-95FE-4B75-B863-157531789EE1}.Debug|Any CPU.Build.0 = Debug|Any CPU
		{F1CC8772-95FE-4B75-B863-157531789EE1}.Release|Any CPU.ActiveCfg = Release|Any CPU
		{F1CC8772-95FE-4B75-B863-157531789EE1}.Release|Any CPU.Build.0 = Release|Any CPU
		{10C56914-6B78-4587-8BE2-1CE1A25E0AF9}.Debug|Any CPU.ActiveCfg = Debug|Any CPU
		{10C56914-6B78-4587-8BE2-1CE1A25E0AF9}.Debug|Any CPU.Build.0 = Debug|Any CPU
		{10C56914-6B78-4587-8BE2-1CE1A25E0AF9}.Release|Any CPU.ActiveCfg = Release|Any CPU
		{10C56914-6B78-4587-8BE2-1CE1A25E0AF9}.Release|Any CPU.Build.0 = Release|Any CPU
	EndGlobalSection
	GlobalSection(SolutionProperties) = preSolution
		HideSolutionNode = FALSE
	EndGlobalSection
	GlobalSection(NestedProjects) = preSolution
		{F1CC8772-95FE-4B75-B863-157531789EE1} = {636892BB-1E65-4E6B-9A70-424918584DDF}
		{10C56914-6B78-4587-8BE2-1CE1A25E0AF9} = {636892BB-1E65-4E6B-9A70-424918584DDF}
	EndGlobalSection
EndGlobal
