
Microsoft Visual Studio Solution File, Format Version 12.00
# Visual Studio 2012
Project("{F2A71F9B-5D33-465A-A702-920D77279786}") = "app", "app\app.fsproj", "{9AC916DB-1692-49E6-87A1-6F796E9870AD}"
EndProject
Project("{F2A71F9B-5D33-465A-A702-920D77279786}") = "test", "test\test.fsproj", "{5FA1331A-6F60-47DC-A441-57EB1325AB10}"
EndProject
Project("{2150E333-8FDC-42A3-9474-1A3956D46DE8}") = "src", "src", "{0A049A37-B717-46A3-9584-1257F3B15127}"
EndProject
Global
	GlobalSection(SolutionConfigurationPlatforms) = preSolution
		Debug|Any CPU = Debug|Any CPU
		Release|Any CPU = Release|Any CPU
	EndGlobalSection
	GlobalSection(ProjectConfigurationPlatforms) = postSolution
		{9AC916DB-1692-49E6-87A1-6F796E9870AD}.Debug|Any CPU.ActiveCfg = Debug|Any CPU
		{9AC916DB-1692-49E6-87A1-6F796E9870AD}.Debug|Any CPU.Build.0 = Debug|Any CPU
		{9AC916DB-1692-49E6-87A1-6F796E9870AD}.Release|Any CPU.ActiveCfg = Release|Any CPU
		{9AC916DB-1692-49E6-87A1-6F796E9870AD}.Release|Any CPU.Build.0 = Release|Any CPU
		{5FA1331A-6F60-47DC-A441-57EB1325AB10}.Debug|Any CPU.ActiveCfg = Debug|Any CPU
		{5FA1331A-6F60-47DC-A441-57EB1325AB10}.Debug|Any CPU.Build.0 = Debug|Any CPU
		{5FA1331A-6F60-47DC-A441-57EB1325AB10}.Release|Any CPU.ActiveCfg = Release|Any CPU
		{5FA1331A-6F60-47DC-A441-57EB1325AB10}.Release|Any CPU.Build.0 = Release|Any CPU
	EndGlobalSection
	GlobalSection(SolutionProperties) = preSolution
		HideSolutionNode = FALSE
	EndGlobalSection
	GlobalSection(NestedProjects) = preSolution
		{9AC916DB-1692-49E6-87A1-6F796E9870AD} = {0A049A37-B717-46A3-9584-1257F3B15127}
		{5FA1331A-6F60-47DC-A441-57EB1325AB10} = {0A049A37-B717-46A3-9584-1257F3B15127}
	EndGlobalSection
EndGlobal
